
Microsoft Visual Studio Solution File, Format Version 12.00
# Visual Studio 14
VisualStudioVersion = 14.0.24720.0
MinimumVisualStudioVersion = 10.0.40219.1
Project("{FAE04EC0-301F-11D3-BF4B-00C04F79EFBC}") = "Task1. Xsd", "Task1. Xsd\Task1. Xsd.csproj", "{7633D221-8C53-47C2-8937-654CCBB6D69B}"
EndProject
Project("{FAE04EC0-301F-11D3-BF4B-00C04F79EFBC}") = "Task2.Atom", "Task2.Atom\Task2.Atom.csproj", "{AC8114DD-2150-4F69-AAA0-39BD4CAD9581}"
EndProject
Project("{FAE04EC0-301F-11D3-BF4B-00C04F79EFBC}") = "Task3.Report", "Task3.Report\Task3.Report.csproj", "{37333163-0B73-499F-B833-A45478E1F626}"
EndProject
Global
	GlobalSection(SolutionConfigurationPlatforms) = preSolution
		Debug|Any CPU = Debug|Any CPU
		Release|Any CPU = Release|Any CPU
	EndGlobalSection
	GlobalSection(ProjectConfigurationPlatforms) = postSolution
		{7633D221-8C53-47C2-8937-654CCBB6D69B}.Debug|Any CPU.ActiveCfg = Debug|Any CPU
		{7633D221-8C53-47C2-8937-654CCBB6D69B}.Debug|Any CPU.Build.0 = Debug|Any CPU
		{7633D221-8C53-47C2-8937-654CCBB6D69B}.Release|Any CPU.ActiveCfg = Release|Any CPU
		{7633D221-8C53-47C2-8937-654CCBB6D69B}.Release|Any CPU.Build.0 = Release|Any CPU
		{AC8114DD-2150-4F69-AAA0-39BD4CAD9581}.Debug|Any CPU.ActiveCfg = Debug|Any CPU
		{AC8114DD-2150-4F69-AAA0-39BD4CAD9581}.Debug|Any CPU.Build.0 = Debug|Any CPU
		{AC8114DD-2150-4F69-AAA0-39BD4CAD9581}.Release|Any CPU.ActiveCfg = Release|Any CPU
		{AC8114DD-2150-4F69-AAA0-39BD4CAD9581}.Release|Any CPU.Build.0 = Release|Any CPU
		{37333163-0B73-499F-B833-A45478E1F626}.Debug|Any CPU.ActiveCfg = Debug|Any CPU
		{37333163-0B73-499F-B833-A45478E1F626}.Debug|Any CPU.Build.0 = Debug|Any CPU
		{37333163-0B73-499F-B833-A45478E1F626}.Release|Any CPU.ActiveCfg = Release|Any CPU
		{37333163-0B73-499F-B833-A45478E1F626}.Release|Any CPU.Build.0 = Release|Any CPU
	EndGlobalSection
	GlobalSection(SolutionProperties) = preSolution
		HideSolutionNode = FALSE
	EndGlobalSection
EndGlobal
